{
  "name": "ecommercelamakhaled",
  "lockfileVersion": 2,
  "requires": true,
  "packages": {
    "": {
      "dependencies": {
        "styled-dropdown-component": "^4.0.0"
      }
    },
    "node_modules/styled-base-components": {
      "version": "4.0.0",
      "resolved": "https://registry.npmjs.org/styled-base-components/-/styled-base-components-4.0.0.tgz",
      "integrity": "sha512-1Ikyk279YnwyKnh5+Vlb6q1qfXZ+43xzAqMc4iB+LN7uM/ePJXlGME6gUw2P6DNq9lxRmQrYaWdKsfoiUN3oSQ==",
      "dependencies": {
        "styled-base-components": "^4.0.0",
        "styled-config": "^4.0.0"
      },
      "peerDependencies": {
        "react": "^16.7.0",
        "styled-components": "^4.1.2"
      }
    },
    "node_modules/styled-config": {
      "version": "4.0.0",
      "resolved": "https://registry.npmjs.org/styled-config/-/styled-config-4.0.0.tgz",
      "integrity": "sha512-sQq5C1t5KtN0iMpF7lAuzh3fSpk8T0vFIh8XH7l+pOzD+w9+Wow6OPcgnZ+Q/ay6jtyhgUk6E8jMopv+dmUsVw=="
    },
    "node_modules/styled-dropdown-component": {
      "version": "4.0.0",
      "resolved": "https://registry.npmjs.org/styled-dropdown-component/-/styled-dropdown-component-4.0.0.tgz",
      "integrity": "sha512-Mf+dz8+TC9XLCtIMeMFnms2i5FxAXJqsrHDL+TVtkdEPJZEud62uItv3pwkJYF0vpexVfHcbCeJUB0GAhVCzBQ==",
      "dependencies": {
        "styled-base-components": "^4.0.0",
        "styled-config": "^4.0.0"
      },
      "peerDependencies": {
        "react": "^16.7.0",
        "styled-components": "^4.1.2"
      }
    }
  },
  "dependencies": {
    "styled-base-components": {
      "version": "4.0.0",
      "resolved": "https://registry.npmjs.org/styled-base-components/-/styled-base-components-4.0.0.tgz",
      "integrity": "sha512-1Ikyk279YnwyKnh5+Vlb6q1qfXZ+43xzAqMc4iB+LN7uM/ePJXlGME6gUw2P6DNq9lxRmQrYaWdKsfoiUN3oSQ==",
      "requires": {
        "styled-base-components": "^4.0.0",
        "styled-config": "^4.0.0"
      }
    },
    "styled-config": {
      "version": "4.0.0",
      "resolved": "https://registry.npmjs.org/styled-config/-/styled-config-4.0.0.tgz",
      "integrity": "sha512-sQq5C1t5KtN0iMpF7lAuzh3fSpk8T0vFIh8XH7l+pOzD+w9+Wow6OPcgnZ+Q/ay6jtyhgUk6E8jMopv+dmUsVw=="
    },
    "styled-dropdown-component": {
      "version": "4.0.0",
      "resolved": "https://registry.npmjs.org/styled-dropdown-component/-/styled-dropdown-component-4.0.0.tgz",
      "integrity": "sha512-Mf+dz8+TC9XLCtIMeMFnms2i5FxAXJqsrHDL+TVtkdEPJZEud62uItv3pwkJYF0vpexVfHcbCeJUB0GAhVCzBQ==",
      "requires": {
        "styled-base-components": "^4.0.0",
        "styled-config": "^4.0.0"
      }
    }
  }
}
